// !$*UTF8*$!
{
	archiveVersion = 1;
	classes = {
	};
	objectVersion = 56;
	objects = {

/* Begin PBXBuildFile section */
		8642231E29F3234500F502EB /* CarViewModel.swift in Sources */ = {isa = PBXBuildFile; fileRef = 8642231D29F3234500F502EB /* CarViewModel.swift */; };
		8642232129F32CAA00F502EB /* Alerts.swift in Sources */ = {isa = PBXBuildFile; fileRef = 8642232029F32CAA00F502EB /* Alerts.swift */; };
		8692F99529E9E16F008C953C /* AppDelegate.swift in Sources */ = {isa = PBXBuildFile; fileRef = 8692F99429E9E16F008C953C /* AppDelegate.swift */; };
		8692F99729E9E16F008C953C /* SceneDelegate.swift in Sources */ = {isa = PBXBuildFile; fileRef = 8692F99629E9E16F008C953C /* SceneDelegate.swift */; };
		8692F99929E9E16F008C953C /* ViewController.swift in Sources */ = {isa = PBXBuildFile; fileRef = 8692F99829E9E16F008C953C /* ViewController.swift */; };
		8692F99C29E9E16F008C953C /* Main.storyboard in Resources */ = {isa = PBXBuildFile; fileRef = 8692F99A29E9E16F008C953C /* Main.storyboard */; };
		8692F99E29E9E171008C953C /* Assets.xcassets in Resources */ = {isa = PBXBuildFile; fileRef = 8692F99D29E9E171008C953C /* Assets.xcassets */; };
		8692F9A129E9E171008C953C /* LaunchScreen.storyboard in Resources */ = {isa = PBXBuildFile; fileRef = 8692F99F29E9E171008C953C /* LaunchScreen.storyboard */; };
		8692F9A929E9EB1B008C953C /* CarViewController.swift in Sources */ = {isa = PBXBuildFile; fileRef = 8692F9A829E9EB1B008C953C /* CarViewController.swift */; };
		8692F9AB29E9F313008C953C /* Auto.swift in Sources */ = {isa = PBXBuildFile; fileRef = 8692F9AA29E9F313008C953C /* Auto.swift */; };
/* End PBXBuildFile section */

/* Begin PBXFileReference section */
		8642231D29F3234500F502EB /* CarViewModel.swift */ = {isa = PBXFileReference; lastKnownFileType = sourcecode.swift; path = CarViewModel.swift; sourceTree = "<group>"; };
		8642232029F32CAA00F502EB /* Alerts.swift */ = {isa = PBXFileReference; lastKnownFileType = sourcecode.swift; path = Alerts.swift; sourceTree = "<group>"; };
		8692F99129E9E16F008C953C /* semana3-a.app */ = {isa = PBXFileReference; explicitFileType = wrapper.application; includeInIndex = 0; path = "semana3-a.app"; sourceTree = BUILT_PRODUCTS_DIR; };
		8692F99429E9E16F008C953C /* AppDelegate.swift */ = {isa = PBXFileReference; lastKnownFileType = sourcecode.swift; path = AppDelegate.swift; sourceTree = "<group>"; };
		8692F99629E9E16F008C953C /* SceneDelegate.swift */ = {isa = PBXFileReference; lastKnownFileType = sourcecode.swift; path = SceneDelegate.swift; sourceTree = "<group>"; };
		8692F99829E9E16F008C953C /* ViewController.swift */ = {isa = PBXFileReference; lastKnownFileType = sourcecode.swift; path = ViewController.swift; sourceTree = "<group>"; };
		8692F99B29E9E16F008C953C /* Base */ = {isa = PBXFileReference; lastKnownFileType = file.storyboard; name = Base; path = Base.lproj/Main.storyboard; sourceTree = "<group>"; };
		8692F99D29E9E171008C953C /* Assets.xcassets */ = {isa = PBXFileReference; lastKnownFileType = folder.assetcatalog; path = Assets.xcassets; sourceTree = "<group>"; };
		8692F9A029E9E171008C953C /* Base */ = {isa = PBXFileReference; lastKnownFileType = file.storyboard; name = Base; path = Base.lproj/LaunchScreen.storyboard; sourceTree = "<group>"; };
		8692F9A229E9E171008C953C /* Info.plist */ = {isa = PBXFileReference; lastKnownFileType = text.plist.xml; path = Info.plist; sourceTree = "<group>"; };
		8692F9A829E9EB1B008C953C /* CarViewController.swift */ = {isa = PBXFileReference; lastKnownFileType = sourcecode.swift; path = CarViewController.swift; sourceTree = "<group>"; };
		8692F9AA29E9F313008C953C /* Auto.swift */ = {isa = PBXFileReference; lastKnownFileType = sourcecode.swift; path = Auto.swift; sourceTree = "<group>"; };
/* End PBXFileReference section */

/* Begin PBXFrameworksBuildPhase section */
		8692F98E29E9E16F008C953C /* Frameworks */ = {
			isa = PBXFrameworksBuildPhase;
			buildActionMask = 2147483647;
			files = (
			);
			runOnlyForDeploymentPostprocessing = 0;
		};
/* End PBXFrameworksBuildPhase section */

/* Begin PBXGroup section */
		8642231829F3125700F502EB /* model */ = {
			isa = PBXGroup;
			children = (
				8692F9AA29E9F313008C953C /* Auto.swift */,
			);
			path = model;
			sourceTree = "<group>";
		};
		8642231929F3125F00F502EB /* view */ = {
			isa = PBXGroup;
			children = (
				8692F99829E9E16F008C953C /* ViewController.swift */,
				8692F9A829E9EB1B008C953C /* CarViewController.swift */,
			);
			path = view;
			sourceTree = "<group>";
		};
		8642231A29F3126A00F502EB /* viewModel */ = {
			isa = PBXGroup;
			children = (
				8642231D29F3234500F502EB /* CarViewModel.swift */,
			);
			path = viewModel;
			sourceTree = "<group>";
		};
		8642231B29F3128000F502EB /* screens */ = {
			isa = PBXGroup;
			children = (
				8692F99A29E9E16F008C953C /* Main.storyboard */,
			);
			path = screens;
			sourceTree = "<group>";
		};
		8642231C29F3149300F502EB /* onboarding */ = {
			isa = PBXGroup;
			children = (
				8692F99F29E9E171008C953C /* LaunchScreen.storyboard */,
			);
			path = onboarding;
			sourceTree = "<group>";
		};
		8642231F29F32C7000F502EB /* helpers */ = {
			isa = PBXGroup;
			children = (
				8642232029F32CAA00F502EB /* Alerts.swift */,
			);
			path = helpers;
			sourceTree = "<group>";
		};
		8692F98829E9E16F008C953C = {
			isa = PBXGroup;
			children = (
				8692F99329E9E16F008C953C /* semana3-a */,
				8692F99229E9E16F008C953C /* Products */,
			);
			sourceTree = "<group>";
		};
		8692F99229E9E16F008C953C /* Products */ = {
			isa = PBXGroup;
			children = (
				8692F99129E9E16F008C953C /* semana3-a.app */,
			);
			name = Products;
			sourceTree = "<group>";
		};
		8692F99329E9E16F008C953C /* semana3-a */ = {
			isa = PBXGroup;
			children = (
				8642231F29F32C7000F502EB /* helpers */,
				8642231C29F3149300F502EB /* onboarding */,
				8642231B29F3128000F502EB /* screens */,
				8642231A29F3126A00F502EB /* viewModel */,
				8642231929F3125F00F502EB /* view */,
				8642231829F3125700F502EB /* model */,
				8692F99429E9E16F008C953C /* AppDelegate.swift */,
				8692F99629E9E16F008C953C /* SceneDelegate.swift */,
				8692F99D29E9E171008C953C /* Assets.xcassets */,
				8692F9A229E9E171008C953C /* Info.plist */,
			);
			path = "semana3-a";
			sourceTree = "<group>";
		};
/* End PBXGroup section */

/* Begin PBXNativeTarget section */
		8692F99029E9E16F008C953C /* semana3-a */ = {
			isa = PBXNativeTarget;
			buildConfigurationList = 8692F9A529E9E171008C953C /* Build configuration list for PBXNativeTarget "semana3-a" */;
			buildPhases = (
				8692F98D29E9E16F008C953C /* Sources */,
				8692F98E29E9E16F008C953C /* Frameworks */,
				8692F98F29E9E16F008C953C /* Resources */,
			);
			buildRules = (
			);
			dependencies = (
			);
			name = "semana3-a";
			productName = "semana3-a";
			productReference = 8692F99129E9E16F008C953C /* semana3-a.app */;
			productType = "com.apple.product-type.application";
		};
/* End PBXNativeTarget section */

/* Begin PBXProject section */
		8692F98929E9E16F008C953C /* Project object */ = {
			isa = PBXProject;
			attributes = {
				BuildIndependentTargetsInParallel = 1;
				LastSwiftUpdateCheck = 1420;
				LastUpgradeCheck = 1420;
				TargetAttributes = {
					8692F99029E9E16F008C953C = {
						CreatedOnToolsVersion = 14.2;
					};
				};
			};
			buildConfigurationList = 8692F98C29E9E16F008C953C /* Build configuration list for PBXProject "semana3-a" */;
			compatibilityVersion = "Xcode 14.0";
			developmentRegion = en;
			hasScannedForEncodings = 0;
			knownRegions = (
				en,
				Base,
			);
			mainGroup = 8692F98829E9E16F008C953C;
			productRefGroup = 8692F99229E9E16F008C953C /* Products */;
			projectDirPath = "";
			projectRoot = "";
			targets = (
				8692F99029E9E16F008C953C /* semana3-a */,
			);
		};
/* End PBXProject section */

/* Begin PBXResourcesBuildPhase section */
		8692F98F29E9E16F008C953C /* Resources */ = {
			isa = PBXResourcesBuildPhase;
			buildActionMask = 2147483647;
			files = (
				8692F9A129E9E171008C953C /* LaunchScreen.storyboard in Resources */,
				8692F99E29E9E171008C953C /* Assets.xcassets in Resources */,
				8692F99C29E9E16F008C953C /* Main.storyboard in Resources */,
			);
			runOnlyForDeploymentPostprocessing = 0;
		};
/* End PBXResourcesBuildPhase section */

/* Begin PBXSourcesBuildPhase section */
		8692F98D29E9E16F008C953C /* Sources */ = {
			isa = PBXSourcesBuildPhase;
			buildActionMask = 2147483647;
			files = (
				8692F9AB29E9F313008C953C /* Auto.swift in Sources */,
				8642231E29F3234500F502EB /* CarViewModel.swift in Sources */,
				8692F99929E9E16F008C953C /* ViewController.swift in Sources */,
				8692F99529E9E16F008C953C /* AppDelegate.swift in Sources */,
				8692F99729E9E16F008C953C /* SceneDelegate.swift in Sources */,
				8642232129F32CAA00F502EB /* Alerts.swift in Sources */,
				8692F9A929E9EB1B008C953C /* CarViewController.swift in Sources */,
			);
			runOnlyForDeploymentPostprocessing = 0;
		};
/* End PBXSourcesBuildPhase section */

/* Begin PBXVariantGroup section */
		8692F99A29E9E16F008C953C /* Main.storyboard */ = {
			isa = PBXVariantGroup;
			children = (
				8692F99B29E9E16F008C953C /* Base */,
			);
			name = Main.storyboard;
			sourceTree = "<group>";
		};
		8692F99F29E9E171008C953C /* LaunchScreen.storyboard */ = {
			isa = PBXVariantGroup;
			children = (
				8692F9A029E9E171008C953C /* Base */,
			);
			name = LaunchScreen.storyboard;
			sourceTree = "<group>";
		};
/* End PBXVariantGroup section */

/* Begin XCBuildConfiguration section */
		8692F9A329E9E171008C953C /* Debug */ = {
			isa = XCBuildConfiguration;
			buildSettings = {
				ALWAYS_SEARCH_USER_PATHS = NO;
				CLANG_ANALYZER_NONNULL = YES;
				CLANG_ANALYZER_NUMBER_OBJECT_CONVERSION = YES_AGGRESSIVE;
				CLANG_CXX_LANGUAGE_STANDARD = "gnu++20";
				CLANG_ENABLE_MODULES = YES;
				CLANG_ENABLE_OBJC_ARC = YES;
				CLANG_ENABLE_OBJC_WEAK = YES;
				CLANG_WARN_BLOCK_CAPTURE_AUTORELEASING = YES;
				CLANG_WARN_BOOL_CONVERSION = YES;
				CLANG_WARN_COMMA = YES;
				CLANG_WARN_CONSTANT_CONVERSION = YES;
				CLANG_WARN_DEPRECATED_OBJC_IMPLEMENTATIONS = YES;
				CLANG_WARN_DIRECT_OBJC_ISA_USAGE = YES_ERROR;
				CLANG_WARN_DOCUMENTATION_COMMENTS = YES;
				CLANG_WARN_EMPTY_BODY = YES;
				CLANG_WARN_ENUM_CONVERSION = YES;
				CLANG_WARN_INFINITE_RECURSION = YES;
				CLANG_WARN_INT_CONVERSION = YES;
				CLANG_WARN_NON_LITERAL_NULL_CONVERSION = YES;
				CLANG_WARN_OBJC_IMPLICIT_RETAIN_SELF = YES;
				CLANG_WARN_OBJC_LITERAL_CONVERSION = YES;
				CLANG_WARN_OBJC_ROOT_CLASS = YES_ERROR;
				CLANG_WARN_QUOTED_INCLUDE_IN_FRAMEWORK_HEADER = YES;
				CLANG_WARN_RANGE_LOOP_ANALYSIS = YES;
				CLANG_WARN_STRICT_PROTOTYPES = YES;
				CLANG_WARN_SUSPICIOUS_MOVE = YES;
				CLANG_WARN_UNGUARDED_AVAILABILITY = YES_AGGRESSIVE;
				CLANG_WARN_UNREACHABLE_CODE = YES;
				CLANG_WARN__DUPLICATE_METHOD_MATCH = YES;
				COPY_PHASE_STRIP = NO;
				DEBUG_INFORMATION_FORMAT = dwarf;
				ENABLE_STRICT_OBJC_MSGSEND = YES;
				ENABLE_TESTABILITY = YES;
				GCC_C_LANGUAGE_STANDARD = gnu11;
				GCC_DYNAMIC_NO_PIC = NO;
				GCC_NO_COMMON_BLOCKS = YES;
				GCC_OPTIMIZATION_LEVEL = 0;
				GCC_PREPROCESSOR_DEFINITIONS = (
					"DEBUG=1",
					"$(inherited)",
				);
				GCC_WARN_64_TO_32_BIT_CONVERSION = YES;
				GCC_WARN_ABOUT_RETURN_TYPE = YES_ERROR;
				GCC_WARN_UNDECLARED_SELECTOR = YES;
				GCC_WARN_UNINITIALIZED_AUTOS = YES_AGGRESSIVE;
				GCC_WARN_UNUSED_FUNCTION = YES;
				GCC_WARN_UNUSED_VARIABLE = YES;
				IPHONEOS_DEPLOYMENT_TARGET = 16.2;
				MTL_ENABLE_DEBUG_INFO = INCLUDE_SOURCE;
				MTL_FAST_MATH = YES;
				ONLY_ACTIVE_ARCH = YES;
				SDKROOT = iphoneos;
				SWIFT_ACTIVE_COMPILATION_CONDITIONS = DEBUG;
				SWIFT_OPTIMIZATION_LEVEL = "-Onone";
			};
			name = Debug;
		};
		8692F9A429E9E171008C953C /* Release */ = {
			isa = XCBuildConfiguration;
			buildSettings = {
				ALWAYS_SEARCH_USER_PATHS = NO;
				CLANG_ANALYZER_NONNULL = YES;
				CLANG_ANALYZER_NUMBER_OBJECT_CONVERSION = YES_AGGRESSIVE;
				CLANG_CXX_LANGUAGE_STANDARD = "gnu++20";
				CLANG_ENABLE_MODULES = YES;
				CLANG_ENABLE_OBJC_ARC = YES;
				CLANG_ENABLE_OBJC_WEAK = YES;
				CLANG_WARN_BLOCK_CAPTURE_AUTORELEASING = YES;
				CLANG_WARN_BOOL_CONVERSION = YES;
				CLANG_WARN_COMMA = YES;
				CLANG_WARN_CONSTANT_CONVERSION = YES;
				CLANG_WARN_DEPRECATED_OBJC_IMPLEMENTATIONS = YES;
				CLANG_WARN_DIRECT_OBJC_ISA_USAGE = YES_ERROR;
				CLANG_WARN_DOCUMENTATION_COMMENTS = YES;
				CLANG_WARN_EMPTY_BODY = YES;
				CLANG_WARN_ENUM_CONVERSION = YES;
				CLANG_WARN_INFINITE_RECURSION = YES;
				CLANG_WARN_INT_CONVERSION = YES;
				CLANG_WARN_NON_LITERAL_NULL_CONVERSION = YES;
				CLANG_WARN_OBJC_IMPLICIT_RETAIN_SELF = YES;
				CLANG_WARN_OBJC_LITERAL_CONVERSION = YES;
				CLANG_WARN_OBJC_ROOT_CLASS = YES_ERROR;
				CLANG_WARN_QUOTED_INCLUDE_IN_FRAMEWORK_HEADER = YES;
				CLANG_WARN_RANGE_LOOP_ANALYSIS = YES;
				CLANG_WARN_STRICT_PROTOTYPES = YES;
				CLANG_WARN_SUSPICIOUS_MOVE = YES;
				CLANG_WARN_UNGUARDED_AVAILABILITY = YES_AGGRESSIVE;
				CLANG_WARN_UNREACHABLE_CODE = YES;
				CLANG_WARN__DUPLICATE_METHOD_MATCH = YES;
				COPY_PHASE_STRIP = NO;
				DEBUG_INFORMATION_FORMAT = "dwarf-with-dsym";
				ENABLE_NS_ASSERTIONS = NO;
				ENABLE_STRICT_OBJC_MSGSEND = YES;
				GCC_C_LANGUAGE_STANDARD = gnu11;
				GCC_NO_COMMON_BLOCKS = YES;
				GCC_WARN_64_TO_32_BIT_CONVERSION = YES;
				GCC_WARN_ABOUT_RETURN_TYPE = YES_ERROR;
				GCC_WARN_UNDECLARED_SELECTOR = YES;
				GCC_WARN_UNINITIALIZED_AUTOS = YES_AGGRESSIVE;
				GCC_WARN_UNUSED_FUNCTION = YES;
				GCC_WARN_UNUSED_VARIABLE = YES;
				IPHONEOS_DEPLOYMENT_TARGET = 16.2;
				MTL_ENABLE_DEBUG_INFO = NO;
				MTL_FAST_MATH = YES;
				SDKROOT = iphoneos;
				SWIFT_COMPILATION_MODE = wholemodule;
				SWIFT_OPTIMIZATION_LEVEL = "-O";
				VALIDATE_PRODUCT = YES;
			};
			name = Release;
		};
		8692F9A629E9E171008C953C /* Debug */ = {
			isa = XCBuildConfiguration;
			buildSettings = {
				ASSETCATALOG_COMPILER_APPICON_NAME = AppIcon;
				ASSETCATALOG_COMPILER_GLOBAL_ACCENT_COLOR_NAME = AccentColor;
				CODE_SIGN_STYLE = Automatic;
				CURRENT_PROJECT_VERSION = 1;
				DEVELOPMENT_TEAM = DLG2TN82XY;
				GENERATE_INFOPLIST_FILE = YES;
				INFOPLIST_FILE = "semana3-a/Info.plist";
				INFOPLIST_KEY_UIApplicationSupportsIndirectInputEvents = YES;
				INFOPLIST_KEY_UILaunchStoryboardName = LaunchScreen;
				INFOPLIST_KEY_UIMainStoryboardFile = Main;
				INFOPLIST_KEY_UISupportedInterfaceOrientations_iPad = "UIInterfaceOrientationPortrait UIInterfaceOrientationPortraitUpsideDown UIInterfaceOrientationLandscapeLeft UIInterfaceOrientationLandscapeRight";
				INFOPLIST_KEY_UISupportedInterfaceOrientations_iPhone = "UIInterfaceOrientationPortrait UIInterfaceOrientationLandscapeLeft UIInterfaceOrientationLandscapeRight";
				LD_RUNPATH_SEARCH_PATHS = (
					"$(inherited)",
					"@executable_path/Frameworks",
				);
				MARKETING_VERSION = 1.0;
				PRODUCT_BUNDLE_IDENTIFIER = "com.tecsup.semana3-a";
				PRODUCT_NAME = "$(TARGET_NAME)";
				SWIFT_EMIT_LOC_STRINGS = YES;
				SWIFT_VERSION = 5.0;
				TARGETED_DEVICE_FAMILY = "1,2";
			};
			name = Debug;
		};
		8692F9A729E9E171008C953C /* Release */ = {
			isa = XCBuildConfiguration;
			buildSettings = {
				ASSETCATALOG_COMPILER_APPICON_NAME = AppIcon;
				ASSETCATALOG_COMPILER_GLOBAL_ACCENT_COLOR_NAME = AccentColor;
				CODE_SIGN_STYLE = Automatic;
				CURRENT_PROJECT_VERSION = 1;
				DEVELOPMENT_TEAM = DLG2TN82XY;
				GENERATE_INFOPLIST_FILE = YES;
				INFOPLIST_FILE = "semana3-a/Info.plist";
				INFOPLIST_KEY_UIApplicationSupportsIndirectInputEvents = YES;
				INFOPLIST_KEY_UILaunchStoryboardName = LaunchScreen;
				INFOPLIST_KEY_UIMainStoryboardFile = Main;
				INFOPLIST_KEY_UISupportedInterfaceOrientations_iPad = "UIInterfaceOrientationPortrait UIInterfaceOrientationPortraitUpsideDown UIInterfaceOrientationLandscapeLeft UIInterfaceOrientationLandscapeRight";
				INFOPLIST_KEY_UISupportedInterfaceOrientations_iPhone = "UIInterfaceOrientationPortrait UIInterfaceOrientationLandscapeLeft UIInterfaceOrientationLandscapeRight";
				LD_RUNPATH_SEARCH_PATHS = (
					"$(inherited)",
					"@executable_path/Frameworks",
				);
				MARKETING_VERSION = 1.0;
				PRODUCT_BUNDLE_IDENTIFIER = "com.tecsup.semana3-a";
				PRODUCT_NAME = "$(TARGET_NAME)";
				SWIFT_EMIT_LOC_STRINGS = YES;
				SWIFT_VERSION = 5.0;
				TARGETED_DEVICE_FAMILY = "1,2";
			};
			name = Release;
		};
/* End XCBuildConfiguration section */

/* Begin XCConfigurationList section */
		8692F98C29E9E16F008C953C /* Build configuration list for PBXProject "semana3-a" */ = {
			isa = XCConfigurationList;
			buildConfigurations = (
				8692F9A329E9E171008C953C /* Debug */,
				8692F9A429E9E171008C953C /* Release */,
			);
			defaultConfigurationIsVisible = 0;
			defaultConfigurationName = Release;
		};
		8692F9A529E9E171008C953C /* Build configuration list for PBXNativeTarget "semana3-a" */ = {
			isa = XCConfigurationList;
			buildConfigurations = (
				8692F9A629E9E171008C953C /* Debug */,
				8692F9A729E9E171008C953C /* Release */,
			);
			defaultConfigurationIsVisible = 0;
			defaultConfigurationName = Release;
		};
/* End XCConfigurationList section */
	};
	rootObject = 8692F98929E9E16F008C953C /* Project object */;
}
